
Microsoft Visual Studio Solution File, Format Version 12.00
# Visual Studio Version 16
VisualStudioVersion = 16.0.29806.167
MinimumVisualStudioVersion = 10.0.40219.1
Project("{FAE04EC0-301F-11D3-BF4B-00C04F79EFBC}") = "HousesPeru", "HousesPeru\HousesPeru.csproj", "{74AB4291-3120-488A-A6CE-82E5F9A1BDBF}"
EndProject
Project("{FAE04EC0-301F-11D3-BF4B-00C04F79EFBC}") = "Tests", "Tests\Tests.csproj", "{FF23E2D9-8C60-4304-BC1A-5BA949742580}"
EndProject
Global
	GlobalSection(SolutionConfigurationPlatforms) = preSolution
		Debug|Any CPU = Debug|Any CPU
		Release|Any CPU = Release|Any CPU
	EndGlobalSection
	GlobalSection(ProjectConfigurationPlatforms) = postSolution
		{74AB4291-3120-488A-A6CE-82E5F9A1BDBF}.Debug|Any CPU.ActiveCfg = Debug|Any CPU
		{74AB4291-3120-488A-A6CE-82E5F9A1BDBF}.Debug|Any CPU.Build.0 = Debug|Any CPU
		{74AB4291-3120-488A-A6CE-82E5F9A1BDBF}.Release|Any CPU.ActiveCfg = Release|Any CPU
		{74AB4291-3120-488A-A6CE-82E5F9A1BDBF}.Release|Any CPU.Build.0 = Release|Any CPU
		{FF23E2D9-8C60-4304-BC1A-5BA949742580}.Debug|Any CPU.ActiveCfg = Debug|Any CPU
		{FF23E2D9-8C60-4304-BC1A-5BA949742580}.Debug|Any CPU.Build.0 = Debug|Any CPU
		{FF23E2D9-8C60-4304-BC1A-5BA949742580}.Release|Any CPU.ActiveCfg = Release|Any CPU
		{FF23E2D9-8C60-4304-BC1A-5BA949742580}.Release|Any CPU.Build.0 = Release|Any CPU
	EndGlobalSection
	GlobalSection(SolutionProperties) = preSolution
		HideSolutionNode = FALSE
	EndGlobalSection
	GlobalSection(ExtensibilityGlobals) = postSolution
		SolutionGuid = {9DF153DE-C064-4972-BD89-E29F00365B99}
	EndGlobalSection
EndGlobal
